// !$*UTF8*$!
{
	archiveVersion = 1;
	classes = {
	};
	objectVersion = 56;
	objects = {

/* Begin PBXBuildFile section */
		21657248EB37FFFF78AF7277 /* Pods_LottieTrial.framework in Frameworks */ = {isa = PBXBuildFile; fileRef = C772EE2C06975A7EA08E5387 /* Pods_LottieTrial.framework */; };
		FFAB77262A2F52B400132FCB /* AppDelegate.swift in Sources */ = {isa = PBXBuildFile; fileRef = FFAB77252A2F52B400132FCB /* AppDelegate.swift */; };
		FFAB77282A2F52B400132FCB /* SceneDelegate.swift in Sources */ = {isa = PBXBuildFile; fileRef = FFAB77272A2F52B400132FCB /* SceneDelegate.swift */; };
		FFAB772A2A2F52B400132FCB /* ViewController.swift in Sources */ = {isa = PBXBuildFile; fileRef = FFAB77292A2F52B400132FCB /* ViewController.swift */; };
		FFAB772F2A2F52B700132FCB /* Assets.xcassets in Resources */ = {isa = PBXBuildFile; fileRef = FFAB772E2A2F52B700132FCB /* Assets.xcassets */; };
		FFAB77322A2F52B700132FCB /* LaunchScreen.storyboard in Resources */ = {isa = PBXBuildFile; fileRef = FFAB77302A2F52B700132FCB /* LaunchScreen.storyboard */; };
		FFAB773A2A2F5DE800132FCB /* TrueCodeViewController.swift in Sources */ = {isa = PBXBuildFile; fileRef = FFAB77392A2F5DE800132FCB /* TrueCodeViewController.swift */; };
		FFAB773C2A2F901100132FCB /* AnimationContainer.swift in Sources */ = {isa = PBXBuildFile; fileRef = FFAB773B2A2F901100132FCB /* AnimationContainer.swift */; };
/* End PBXBuildFile section */

/* Begin PBXFileReference section */
		90179C67A9E79582E4048739 /* Pods-LottieTrial.debug.xcconfig */ = {isa = PBXFileReference; includeInIndex = 1; lastKnownFileType = text.xcconfig; name = "Pods-LottieTrial.debug.xcconfig"; path = "Target Support Files/Pods-LottieTrial/Pods-LottieTrial.debug.xcconfig"; sourceTree = "<group>"; };
		C772EE2C06975A7EA08E5387 /* Pods_LottieTrial.framework */ = {isa = PBXFileReference; explicitFileType = wrapper.framework; includeInIndex = 0; path = Pods_LottieTrial.framework; sourceTree = BUILT_PRODUCTS_DIR; };
		EB58884410C6CAAAF9D6E069 /* Pods-LottieTrial.release.xcconfig */ = {isa = PBXFileReference; includeInIndex = 1; lastKnownFileType = text.xcconfig; name = "Pods-LottieTrial.release.xcconfig"; path = "Target Support Files/Pods-LottieTrial/Pods-LottieTrial.release.xcconfig"; sourceTree = "<group>"; };
		FFAB77222A2F52B400132FCB /* LottieTrial.app */ = {isa = PBXFileReference; explicitFileType = wrapper.application; includeInIndex = 0; path = LottieTrial.app; sourceTree = BUILT_PRODUCTS_DIR; };
		FFAB77252A2F52B400132FCB /* AppDelegate.swift */ = {isa = PBXFileReference; lastKnownFileType = sourcecode.swift; path = AppDelegate.swift; sourceTree = "<group>"; };
		FFAB77272A2F52B400132FCB /* SceneDelegate.swift */ = {isa = PBXFileReference; lastKnownFileType = sourcecode.swift; path = SceneDelegate.swift; sourceTree = "<group>"; };
		FFAB77292A2F52B400132FCB /* ViewController.swift */ = {isa = PBXFileReference; lastKnownFileType = sourcecode.swift; path = ViewController.swift; sourceTree = "<group>"; };
		FFAB772E2A2F52B700132FCB /* Assets.xcassets */ = {isa = PBXFileReference; lastKnownFileType = folder.assetcatalog; path = Assets.xcassets; sourceTree = "<group>"; };
		FFAB77312A2F52B700132FCB /* Base */ = {isa = PBXFileReference; lastKnownFileType = file.storyboard; name = Base; path = Base.lproj/LaunchScreen.storyboard; sourceTree = "<group>"; };
		FFAB77332A2F52B700132FCB /* Info.plist */ = {isa = PBXFileReference; lastKnownFileType = text.plist.xml; path = Info.plist; sourceTree = "<group>"; };
		FFAB77392A2F5DE800132FCB /* TrueCodeViewController.swift */ = {isa = PBXFileReference; lastKnownFileType = sourcecode.swift; path = TrueCodeViewController.swift; sourceTree = "<group>"; };
		FFAB773B2A2F901100132FCB /* AnimationContainer.swift */ = {isa = PBXFileReference; lastKnownFileType = sourcecode.swift; path = AnimationContainer.swift; sourceTree = "<group>"; };
/* End PBXFileReference section */

/* Begin PBXFrameworksBuildPhase section */
		FFAB771F2A2F52B400132FCB /* Frameworks */ = {
			isa = PBXFrameworksBuildPhase;
			buildActionMask = 2147483647;
			files = (
				21657248EB37FFFF78AF7277 /* Pods_LottieTrial.framework in Frameworks */,
			);
			runOnlyForDeploymentPostprocessing = 0;
		};
/* End PBXFrameworksBuildPhase section */

/* Begin PBXGroup section */
		6541E678176B357ED65DDFF9 /* Frameworks */ = {
			isa = PBXGroup;
			children = (
				C772EE2C06975A7EA08E5387 /* Pods_LottieTrial.framework */,
			);
			name = Frameworks;
			sourceTree = "<group>";
		};
		8DE218E07B776A13413AD849 /* Pods */ = {
			isa = PBXGroup;
			children = (
				90179C67A9E79582E4048739 /* Pods-LottieTrial.debug.xcconfig */,
				EB58884410C6CAAAF9D6E069 /* Pods-LottieTrial.release.xcconfig */,
			);
			path = Pods;
			sourceTree = "<group>";
		};
		FFAB77192A2F52B400132FCB = {
			isa = PBXGroup;
			children = (
				FFAB77242A2F52B400132FCB /* LottieTrial */,
				FFAB77232A2F52B400132FCB /* Products */,
				8DE218E07B776A13413AD849 /* Pods */,
				6541E678176B357ED65DDFF9 /* Frameworks */,
			);
			sourceTree = "<group>";
		};
		FFAB77232A2F52B400132FCB /* Products */ = {
			isa = PBXGroup;
			children = (
				FFAB77222A2F52B400132FCB /* LottieTrial.app */,
			);
			name = Products;
			sourceTree = "<group>";
		};
		FFAB77242A2F52B400132FCB /* LottieTrial */ = {
			isa = PBXGroup;
			children = (
				FFAB77252A2F52B400132FCB /* AppDelegate.swift */,
				FFAB77272A2F52B400132FCB /* SceneDelegate.swift */,
				FFAB77292A2F52B400132FCB /* ViewController.swift */,
				FFAB772E2A2F52B700132FCB /* Assets.xcassets */,
				FFAB77302A2F52B700132FCB /* LaunchScreen.storyboard */,
				FFAB77332A2F52B700132FCB /* Info.plist */,
				FFAB77392A2F5DE800132FCB /* TrueCodeViewController.swift */,
				FFAB773B2A2F901100132FCB /* AnimationContainer.swift */,
			);
			path = LottieTrial;
			sourceTree = "<group>";
		};
/* End PBXGroup section */

/* Begin PBXNativeTarget section */
		FFAB77212A2F52B400132FCB /* LottieTrial */ = {
			isa = PBXNativeTarget;
			buildConfigurationList = FFAB77362A2F52B700132FCB /* Build configuration list for PBXNativeTarget "LottieTrial" */;
			buildPhases = (
				AB5272876171EE0D97B283D5 /* [CP] Check Pods Manifest.lock */,
				FFAB771E2A2F52B400132FCB /* Sources */,
				FFAB771F2A2F52B400132FCB /* Frameworks */,
				FFAB77202A2F52B400132FCB /* Resources */,
				9D791FAA1E30D68CF4E49752 /* [CP] Embed Pods Frameworks */,
			);
			buildRules = (
			);
			dependencies = (
			);
			name = LottieTrial;
			productName = LottieTrial;
			productReference = FFAB77222A2F52B400132FCB /* LottieTrial.app */;
			productType = "com.apple.product-type.application";
		};
/* End PBXNativeTarget section */

/* Begin PBXProject section */
		FFAB771A2A2F52B400132FCB /* Project object */ = {
			isa = PBXProject;
			attributes = {
				BuildIndependentTargetsInParallel = 1;
				LastSwiftUpdateCheck = 1430;
				LastUpgradeCheck = 1430;
				TargetAttributes = {
					FFAB77212A2F52B400132FCB = {
						CreatedOnToolsVersion = 14.3;
					};
				};
			};
			buildConfigurationList = FFAB771D2A2F52B400132FCB /* Build configuration list for PBXProject "LottieTrial" */;
			compatibilityVersion = "Xcode 14.0";
			developmentRegion = en;
			hasScannedForEncodings = 0;
			knownRegions = (
				en,
				Base,
			);
			mainGroup = FFAB77192A2F52B400132FCB;
			productRefGroup = FFAB77232A2F52B400132FCB /* Products */;
			projectDirPath = "";
			projectRoot = "";
			targets = (
				FFAB77212A2F52B400132FCB /* LottieTrial */,
			);
		};
/* End PBXProject section */

/* Begin PBXResourcesBuildPhase section */
		FFAB77202A2F52B400132FCB /* Resources */ = {
			isa = PBXResourcesBuildPhase;
			buildActionMask = 2147483647;
			files = (
				FFAB77322A2F52B700132FCB /* LaunchScreen.storyboard in Resources */,
				FFAB772F2A2F52B700132FCB /* Assets.xcassets in Resources */,
			);
			runOnlyForDeploymentPostprocessing = 0;
		};
/* End PBXResourcesBuildPhase section */

/* Begin PBXShellScriptBuildPhase section */
		9D791FAA1E30D68CF4E49752 /* [CP] Embed Pods Frameworks */ = {
			isa = PBXShellScriptBuildPhase;
			buildActionMask = 2147483647;
			files = (
			);
			inputFileListPaths = (
				"${PODS_ROOT}/Target Support Files/Pods-LottieTrial/Pods-LottieTrial-frameworks-${CONFIGURATION}-input-files.xcfilelist",
			);
			name = "[CP] Embed Pods Frameworks";
			outputFileListPaths = (
				"${PODS_ROOT}/Target Support Files/Pods-LottieTrial/Pods-LottieTrial-frameworks-${CONFIGURATION}-output-files.xcfilelist",
			);
			runOnlyForDeploymentPostprocessing = 0;
			shellPath = /bin/sh;
			shellScript = "\"${PODS_ROOT}/Target Support Files/Pods-LottieTrial/Pods-LottieTrial-frameworks.sh\"\n";
			showEnvVarsInLog = 0;
		};
		AB5272876171EE0D97B283D5 /* [CP] Check Pods Manifest.lock */ = {
			isa = PBXShellScriptBuildPhase;
			buildActionMask = 2147483647;
			files = (
			);
			inputFileListPaths = (
			);
			inputPaths = (
				"${PODS_PODFILE_DIR_PATH}/Podfile.lock",
				"${PODS_ROOT}/Manifest.lock",
			);
			name = "[CP] Check Pods Manifest.lock";
			outputFileListPaths = (
			);
			outputPaths = (
				"$(DERIVED_FILE_DIR)/Pods-LottieTrial-checkManifestLockResult.txt",
			);
			runOnlyForDeploymentPostprocessing = 0;
			shellPath = /bin/sh;
			shellScript = "diff \"${PODS_PODFILE_DIR_PATH}/Podfile.lock\" \"${PODS_ROOT}/Manifest.lock\" > /dev/null\nif [ $? != 0 ] ; then\n    # print error to STDERR\n    echo \"error: The sandbox is not in sync with the Podfile.lock. Run 'pod install' or update your CocoaPods installation.\" >&2\n    exit 1\nfi\n# This output is used by Xcode 'outputs' to avoid re-running this script phase.\necho \"SUCCESS\" > \"${SCRIPT_OUTPUT_FILE_0}\"\n";
			showEnvVarsInLog = 0;
		};
/* End PBXShellScriptBuildPhase section */

/* Begin PBXSourcesBuildPhase section */
		FFAB771E2A2F52B400132FCB /* Sources */ = {
			isa = PBXSourcesBuildPhase;
			buildActionMask = 2147483647;
			files = (
				FFAB772A2A2F52B400132FCB /* ViewController.swift in Sources */,
				FFAB773A2A2F5DE800132FCB /* TrueCodeViewController.swift in Sources */,
				FFAB77262A2F52B400132FCB /* AppDelegate.swift in Sources */,
				FFAB77282A2F52B400132FCB /* SceneDelegate.swift in Sources */,
				FFAB773C2A2F901100132FCB /* AnimationContainer.swift in Sources */,
			);
			runOnlyForDeploymentPostprocessing = 0;
		};
/* End PBXSourcesBuildPhase section */

/* Begin PBXVariantGroup section */
		FFAB77302A2F52B700132FCB /* LaunchScreen.storyboard */ = {
			isa = PBXVariantGroup;
			children = (
				FFAB77312A2F52B700132FCB /* Base */,
			);
			name = LaunchScreen.storyboard;
			sourceTree = "<group>";
		};
/* End PBXVariantGroup section */

/* Begin XCBuildConfiguration section */
		FFAB77342A2F52B700132FCB /* Debug */ = {
			isa = XCBuildConfiguration;
			buildSettings = {
				ALWAYS_SEARCH_USER_PATHS = NO;
				CLANG_ANALYZER_NONNULL = YES;
				CLANG_ANALYZER_NUMBER_OBJECT_CONVERSION = YES_AGGRESSIVE;
				CLANG_CXX_LANGUAGE_STANDARD = "gnu++20";
				CLANG_ENABLE_MODULES = YES;
				CLANG_ENABLE_OBJC_ARC = YES;
				CLANG_ENABLE_OBJC_WEAK = YES;
				CLANG_WARN_BLOCK_CAPTURE_AUTORELEASING = YES;
				CLANG_WARN_BOOL_CONVERSION = YES;
				CLANG_WARN_COMMA = YES;
				CLANG_WARN_CONSTANT_CONVERSION = YES;
				CLANG_WARN_DEPRECATED_OBJC_IMPLEMENTATIONS = YES;
				CLANG_WARN_DIRECT_OBJC_ISA_USAGE = YES_ERROR;
				CLANG_WARN_DOCUMENTATION_COMMENTS = YES;
				CLANG_WARN_EMPTY_BODY = YES;
				CLANG_WARN_ENUM_CONVERSION = YES;
				CLANG_WARN_INFINITE_RECURSION = YES;
				CLANG_WARN_INT_CONVERSION = YES;
				CLANG_WARN_NON_LITERAL_NULL_CONVERSION = YES;
				CLANG_WARN_OBJC_IMPLICIT_RETAIN_SELF = YES;
				CLANG_WARN_OBJC_LITERAL_CONVERSION = YES;
				CLANG_WARN_OBJC_ROOT_CLASS = YES_ERROR;
				CLANG_WARN_QUOTED_INCLUDE_IN_FRAMEWORK_HEADER = YES;
				CLANG_WARN_RANGE_LOOP_ANALYSIS = YES;
				CLANG_WARN_STRICT_PROTOTYPES = YES;
				CLANG_WARN_SUSPICIOUS_MOVE = YES;
				CLANG_WARN_UNGUARDED_AVAILABILITY = YES_AGGRESSIVE;
				CLANG_WARN_UNREACHABLE_CODE = YES;
				CLANG_WARN__DUPLICATE_METHOD_MATCH = YES;
				COPY_PHASE_STRIP = NO;
				DEBUG_INFORMATION_FORMAT = dwarf;
				ENABLE_STRICT_OBJC_MSGSEND = YES;
				ENABLE_TESTABILITY = YES;
				GCC_C_LANGUAGE_STANDARD = gnu11;
				GCC_DYNAMIC_NO_PIC = NO;
				GCC_NO_COMMON_BLOCKS = YES;
				GCC_OPTIMIZATION_LEVEL = 0;
				GCC_PREPROCESSOR_DEFINITIONS = (
					"DEBUG=1",
					"$(inherited)",
				);
				GCC_WARN_64_TO_32_BIT_CONVERSION = YES;
				GCC_WARN_ABOUT_RETURN_TYPE = YES_ERROR;
				GCC_WARN_UNDECLARED_SELECTOR = YES;
				GCC_WARN_UNINITIALIZED_AUTOS = YES_AGGRESSIVE;
				GCC_WARN_UNUSED_FUNCTION = YES;
				GCC_WARN_UNUSED_VARIABLE = YES;
				IPHONEOS_DEPLOYMENT_TARGET = 16.4;
				MTL_ENABLE_DEBUG_INFO = INCLUDE_SOURCE;
				MTL_FAST_MATH = YES;
				ONLY_ACTIVE_ARCH = YES;
				SDKROOT = iphoneos;
				SWIFT_ACTIVE_COMPILATION_CONDITIONS = DEBUG;
				SWIFT_OPTIMIZATION_LEVEL = "-Onone";
			};
			name = Debug;
		};
		FFAB77352A2F52B700132FCB /* Release */ = {
			isa = XCBuildConfiguration;
			buildSettings = {
				ALWAYS_SEARCH_USER_PATHS = NO;
				CLANG_ANALYZER_NONNULL = YES;
				CLANG_ANALYZER_NUMBER_OBJECT_CONVERSION = YES_AGGRESSIVE;
				CLANG_CXX_LANGUAGE_STANDARD = "gnu++20";
				CLANG_ENABLE_MODULES = YES;
				CLANG_ENABLE_OBJC_ARC = YES;
				CLANG_ENABLE_OBJC_WEAK = YES;
				CLANG_WARN_BLOCK_CAPTURE_AUTORELEASING = YES;
				CLANG_WARN_BOOL_CONVERSION = YES;
				CLANG_WARN_COMMA = YES;
				CLANG_WARN_CONSTANT_CONVERSION = YES;
				CLANG_WARN_DEPRECATED_OBJC_IMPLEMENTATIONS = YES;
				CLANG_WARN_DIRECT_OBJC_ISA_USAGE = YES_ERROR;
				CLANG_WARN_DOCUMENTATION_COMMENTS = YES;
				CLANG_WARN_EMPTY_BODY = YES;
				CLANG_WARN_ENUM_CONVERSION = YES;
				CLANG_WARN_INFINITE_RECURSION = YES;
				CLANG_WARN_INT_CONVERSION = YES;
				CLANG_WARN_NON_LITERAL_NULL_CONVERSION = YES;
				CLANG_WARN_OBJC_IMPLICIT_RETAIN_SELF = YES;
				CLANG_WARN_OBJC_LITERAL_CONVERSION = YES;
				CLANG_WARN_OBJC_ROOT_CLASS = YES_ERROR;
				CLANG_WARN_QUOTED_INCLUDE_IN_FRAMEWORK_HEADER = YES;
				CLANG_WARN_RANGE_LOOP_ANALYSIS = YES;
				CLANG_WARN_STRICT_PROTOTYPES = YES;
				CLANG_WARN_SUSPICIOUS_MOVE = YES;
				CLANG_WARN_UNGUARDED_AVAILABILITY = YES_AGGRESSIVE;
				CLANG_WARN_UNREACHABLE_CODE = YES;
				CLANG_WARN__DUPLICATE_METHOD_MATCH = YES;
				COPY_PHASE_STRIP = NO;
				DEBUG_INFORMATION_FORMAT = "dwarf-with-dsym";
				ENABLE_NS_ASSERTIONS = NO;
				ENABLE_STRICT_OBJC_MSGSEND = YES;
				GCC_C_LANGUAGE_STANDARD = gnu11;
				GCC_NO_COMMON_BLOCKS = YES;
				GCC_WARN_64_TO_32_BIT_CONVERSION = YES;
				GCC_WARN_ABOUT_RETURN_TYPE = YES_ERROR;
				GCC_WARN_UNDECLARED_SELECTOR = YES;
				GCC_WARN_UNINITIALIZED_AUTOS = YES_AGGRESSIVE;
				GCC_WARN_UNUSED_FUNCTION = YES;
				GCC_WARN_UNUSED_VARIABLE = YES;
				IPHONEOS_DEPLOYMENT_TARGET = 16.4;
				MTL_ENABLE_DEBUG_INFO = NO;
				MTL_FAST_MATH = YES;
				SDKROOT = iphoneos;
				SWIFT_COMPILATION_MODE = wholemodule;
				SWIFT_OPTIMIZATION_LEVEL = "-O";
				VALIDATE_PRODUCT = YES;
			};
			name = Release;
		};
		FFAB77372A2F52B700132FCB /* Debug */ = {
			isa = XCBuildConfiguration;
			baseConfigurationReference = 90179C67A9E79582E4048739 /* Pods-LottieTrial.debug.xcconfig */;
			buildSettings = {
				ASSETCATALOG_COMPILER_APPICON_NAME = AppIcon;
				ASSETCATALOG_COMPILER_GLOBAL_ACCENT_COLOR_NAME = AccentColor;
				CODE_SIGN_STYLE = Automatic;
				CURRENT_PROJECT_VERSION = 1;
				DEVELOPMENT_TEAM = 2G3UR73PZ9;
				GENERATE_INFOPLIST_FILE = YES;
				INFOPLIST_FILE = LottieTrial/Info.plist;
				INFOPLIST_KEY_UIApplicationSupportsIndirectInputEvents = YES;
				INFOPLIST_KEY_UILaunchStoryboardName = LaunchScreen;
				INFOPLIST_KEY_UIMainStoryboardFile = "";
				INFOPLIST_KEY_UISupportedInterfaceOrientations_iPad = "UIInterfaceOrientationPortrait UIInterfaceOrientationPortraitUpsideDown UIInterfaceOrientationLandscapeLeft UIInterfaceOrientationLandscapeRight";
				INFOPLIST_KEY_UISupportedInterfaceOrientations_iPhone = "UIInterfaceOrientationPortrait UIInterfaceOrientationLandscapeLeft UIInterfaceOrientationLandscapeRight";
				LD_RUNPATH_SEARCH_PATHS = (
					"$(inherited)",
					"@executable_path/Frameworks",
				);
				MARKETING_VERSION = 1.0;
				PRODUCT_BUNDLE_IDENTIFIER = com.TimotiusLeoLia.LottieTrial;
				PRODUCT_NAME = "$(TARGET_NAME)";
				SWIFT_EMIT_LOC_STRINGS = YES;
				SWIFT_VERSION = 5.0;
				TARGETED_DEVICE_FAMILY = "1,2";
			};
			name = Debug;
		};
		FFAB77382A2F52B700132FCB /* Release */ = {
			isa = XCBuildConfiguration;
			baseConfigurationReference = EB58884410C6CAAAF9D6E069 /* Pods-LottieTrial.release.xcconfig */;
			buildSettings = {
				ASSETCATALOG_COMPILER_APPICON_NAME = AppIcon;
				ASSETCATALOG_COMPILER_GLOBAL_ACCENT_COLOR_NAME = AccentColor;
				CODE_SIGN_STYLE = Automatic;
				CURRENT_PROJECT_VERSION = 1;
				DEVELOPMENT_TEAM = 2G3UR73PZ9;
				GENERATE_INFOPLIST_FILE = YES;
				INFOPLIST_FILE = LottieTrial/Info.plist;
				INFOPLIST_KEY_UIApplicationSupportsIndirectInputEvents = YES;
				INFOPLIST_KEY_UILaunchStoryboardName = LaunchScreen;
				INFOPLIST_KEY_UIMainStoryboardFile = "";
				INFOPLIST_KEY_UISupportedInterfaceOrientations_iPad = "UIInterfaceOrientationPortrait UIInterfaceOrientationPortraitUpsideDown UIInterfaceOrientationLandscapeLeft UIInterfaceOrientationLandscapeRight";
				INFOPLIST_KEY_UISupportedInterfaceOrientations_iPhone = "UIInterfaceOrientationPortrait UIInterfaceOrientationLandscapeLeft UIInterfaceOrientationLandscapeRight";
				LD_RUNPATH_SEARCH_PATHS = (
					"$(inherited)",
					"@executable_path/Frameworks",
				);
				MARKETING_VERSION = 1.0;
				PRODUCT_BUNDLE_IDENTIFIER = com.TimotiusLeoLia.LottieTrial;
				PRODUCT_NAME = "$(TARGET_NAME)";
				SWIFT_EMIT_LOC_STRINGS = YES;
				SWIFT_VERSION = 5.0;
				TARGETED_DEVICE_FAMILY = "1,2";
			};
			name = Release;
		};
/* End XCBuildConfiguration section */

/* Begin XCConfigurationList section */
		FFAB771D2A2F52B400132FCB /* Build configuration list for PBXProject "LottieTrial" */ = {
			isa = XCConfigurationList;
			buildConfigurations = (
				FFAB77342A2F52B700132FCB /* Debug */,
				FFAB77352A2F52B700132FCB /* Release */,
			);
			defaultConfigurationIsVisible = 0;
			defaultConfigurationName = Release;
		};
		FFAB77362A2F52B700132FCB /* Build configuration list for PBXNativeTarget "LottieTrial" */ = {
			isa = XCConfigurationList;
			buildConfigurations = (
				FFAB77372A2F52B700132FCB /* Debug */,
				FFAB77382A2F52B700132FCB /* Release */,
			);
			defaultConfigurationIsVisible = 0;
			defaultConfigurationName = Release;
		};
/* End XCConfigurationList section */
	};
	rootObject = FFAB771A2A2F52B400132FCB /* Project object */;
}
